// !$*UTF8*$!
{
	archiveVersion = 1;
	classes = {
	};
	objectVersion = 55;
	objects = {

/* Begin PBXBuildFile section */
		A1323398CA914485437C8E72 /* Pods_TodoEuyApp.framework in Frameworks */ = {isa = PBXBuildFile; fileRef = C99DE0B5A63024924114A280 /* Pods_TodoEuyApp.framework */; };
		BD3358682704184700988D8D /* AppDelegate.swift in Sources */ = {isa = PBXBuildFile; fileRef = BD3358672704184700988D8D /* AppDelegate.swift */; };
		BD33586A2704184700988D8D /* SceneDelegate.swift in Sources */ = {isa = PBXBuildFile; fileRef = BD3358692704184700988D8D /* SceneDelegate.swift */; };
		BD33586C2704184700988D8D /* ViewController.swift in Sources */ = {isa = PBXBuildFile; fileRef = BD33586B2704184700988D8D /* ViewController.swift */; };
		BD33586F2704184700988D8D /* Main.storyboard in Resources */ = {isa = PBXBuildFile; fileRef = BD33586D2704184700988D8D /* Main.storyboard */; };
		BD3358712704184A00988D8D /* Assets.xcassets in Resources */ = {isa = PBXBuildFile; fileRef = BD3358702704184A00988D8D /* Assets.xcassets */; };
		BD3358742704184A00988D8D /* LaunchScreen.storyboard in Resources */ = {isa = PBXBuildFile; fileRef = BD3358722704184A00988D8D /* LaunchScreen.storyboard */; };
		BD7D7243270D7AD2000D3C30 /* Item.swift in Sources */ = {isa = PBXBuildFile; fileRef = BD7D7242270D7AD2000D3C30 /* Item.swift */; };
		BD7D7245270D7AE3000D3C30 /* Category.swift in Sources */ = {isa = PBXBuildFile; fileRef = BD7D7244270D7AE3000D3C30 /* Category.swift */; };
		BDE8782D270BF407006EBED2 /* CategoryViewController.swift in Sources */ = {isa = PBXBuildFile; fileRef = BDE8782C270BF407006EBED2 /* CategoryViewController.swift */; };
/* End PBXBuildFile section */

/* Begin PBXFileReference section */
		032E4BE736098A39F2DF100D /* Pods-TodoEuyApp.debug.xcconfig */ = {isa = PBXFileReference; includeInIndex = 1; lastKnownFileType = text.xcconfig; name = "Pods-TodoEuyApp.debug.xcconfig"; path = "Target Support Files/Pods-TodoEuyApp/Pods-TodoEuyApp.debug.xcconfig"; sourceTree = "<group>"; };
		A5D1E22BB910D0C3753E0E15 /* Pods-TodoEuyApp.release.xcconfig */ = {isa = PBXFileReference; includeInIndex = 1; lastKnownFileType = text.xcconfig; name = "Pods-TodoEuyApp.release.xcconfig"; path = "Target Support Files/Pods-TodoEuyApp/Pods-TodoEuyApp.release.xcconfig"; sourceTree = "<group>"; };
		BD3358642704184700988D8D /* TodoEuyApp.app */ = {isa = PBXFileReference; explicitFileType = wrapper.application; includeInIndex = 0; path = TodoEuyApp.app; sourceTree = BUILT_PRODUCTS_DIR; };
		BD3358672704184700988D8D /* AppDelegate.swift */ = {isa = PBXFileReference; lastKnownFileType = sourcecode.swift; path = AppDelegate.swift; sourceTree = "<group>"; };
		BD3358692704184700988D8D /* SceneDelegate.swift */ = {isa = PBXFileReference; lastKnownFileType = sourcecode.swift; path = SceneDelegate.swift; sourceTree = "<group>"; };
		BD33586B2704184700988D8D /* ViewController.swift */ = {isa = PBXFileReference; lastKnownFileType = sourcecode.swift; path = ViewController.swift; sourceTree = "<group>"; };
		BD33586E2704184700988D8D /* Base */ = {isa = PBXFileReference; lastKnownFileType = file.storyboard; name = Base; path = Base.lproj/Main.storyboard; sourceTree = "<group>"; };
		BD3358702704184A00988D8D /* Assets.xcassets */ = {isa = PBXFileReference; lastKnownFileType = folder.assetcatalog; path = Assets.xcassets; sourceTree = "<group>"; };
		BD3358732704184A00988D8D /* Base */ = {isa = PBXFileReference; lastKnownFileType = file.storyboard; name = Base; path = Base.lproj/LaunchScreen.storyboard; sourceTree = "<group>"; };
		BD3358752704184A00988D8D /* Info.plist */ = {isa = PBXFileReference; lastKnownFileType = text.plist.xml; path = Info.plist; sourceTree = "<group>"; };
		BD7D7242270D7AD2000D3C30 /* Item.swift */ = {isa = PBXFileReference; lastKnownFileType = sourcecode.swift; path = Item.swift; sourceTree = "<group>"; };
		BD7D7244270D7AE3000D3C30 /* Category.swift */ = {isa = PBXFileReference; lastKnownFileType = sourcecode.swift; path = Category.swift; sourceTree = "<group>"; };
		BDE8782C270BF407006EBED2 /* CategoryViewController.swift */ = {isa = PBXFileReference; lastKnownFileType = sourcecode.swift; path = CategoryViewController.swift; sourceTree = "<group>"; };
		C99DE0B5A63024924114A280 /* Pods_TodoEuyApp.framework */ = {isa = PBXFileReference; explicitFileType = wrapper.framework; includeInIndex = 0; path = Pods_TodoEuyApp.framework; sourceTree = BUILT_PRODUCTS_DIR; };
/* End PBXFileReference section */

/* Begin PBXFrameworksBuildPhase section */
		BD3358612704184700988D8D /* Frameworks */ = {
			isa = PBXFrameworksBuildPhase;
			buildActionMask = 2147483647;
			files = (
				A1323398CA914485437C8E72 /* Pods_TodoEuyApp.framework in Frameworks */,
			);
			runOnlyForDeploymentPostprocessing = 0;
		};
/* End PBXFrameworksBuildPhase section */

/* Begin PBXGroup section */
		85B965EB8AD2461C69E0E003 /* Pods */ = {
			isa = PBXGroup;
			children = (
				032E4BE736098A39F2DF100D /* Pods-TodoEuyApp.debug.xcconfig */,
				A5D1E22BB910D0C3753E0E15 /* Pods-TodoEuyApp.release.xcconfig */,
			);
			path = Pods;
			sourceTree = "<group>";
		};
		BD33585B2704184700988D8D = {
			isa = PBXGroup;
			children = (
				BD3358662704184700988D8D /* TodoEuyApp */,
				BD3358652704184700988D8D /* Products */,
				85B965EB8AD2461C69E0E003 /* Pods */,
				CE88B973DDA39326DE3DFE56 /* Frameworks */,
			);
			sourceTree = "<group>";
		};
		BD3358652704184700988D8D /* Products */ = {
			isa = PBXGroup;
			children = (
				BD3358642704184700988D8D /* TodoEuyApp.app */,
			);
			name = Products;
			sourceTree = "<group>";
		};
		BD3358662704184700988D8D /* TodoEuyApp */ = {
			isa = PBXGroup;
			children = (
				BD3358672704184700988D8D /* AppDelegate.swift */,
				BD3358692704184700988D8D /* SceneDelegate.swift */,
				BD35FA5D2706F85C00ED4982 /* model */,
				BD35FA5C2706F84D00ED4982 /* controller */,
				BD35FA5B2706F84100ED4982 /* view */,
				BD3358702704184A00988D8D /* Assets.xcassets */,
				BD3358722704184A00988D8D /* LaunchScreen.storyboard */,
				BD3358752704184A00988D8D /* Info.plist */,
			);
			path = TodoEuyApp;
			sourceTree = "<group>";
		};
		BD35FA5B2706F84100ED4982 /* view */ = {
			isa = PBXGroup;
			children = (
				BD33586D2704184700988D8D /* Main.storyboard */,
			);
			path = view;
			sourceTree = "<group>";
		};
		BD35FA5C2706F84D00ED4982 /* controller */ = {
			isa = PBXGroup;
			children = (
				BD33586B2704184700988D8D /* ViewController.swift */,
				BDE8782C270BF407006EBED2 /* CategoryViewController.swift */,
			);
			path = controller;
			sourceTree = "<group>";
		};
		BD35FA5D2706F85C00ED4982 /* model */ = {
			isa = PBXGroup;
			children = (
				BD7D7242270D7AD2000D3C30 /* Item.swift */,
				BD7D7244270D7AE3000D3C30 /* Category.swift */,
			);
			path = model;
			sourceTree = "<group>";
		};
		CE88B973DDA39326DE3DFE56 /* Frameworks */ = {
			isa = PBXGroup;
			children = (
				C99DE0B5A63024924114A280 /* Pods_TodoEuyApp.framework */,
			);
			name = Frameworks;
			sourceTree = "<group>";
		};
/* End PBXGroup section */

/* Begin PBXNativeTarget section */
		BD3358632704184700988D8D /* TodoEuyApp */ = {
			isa = PBXNativeTarget;
			buildConfigurationList = BD3358782704184A00988D8D /* Build configuration list for PBXNativeTarget "TodoEuyApp" */;
			buildPhases = (
				44B0880D2010250F59879C28 /* [CP] Check Pods Manifest.lock */,
				BD3358602704184700988D8D /* Sources */,
				BD3358612704184700988D8D /* Frameworks */,
				BD3358622704184700988D8D /* Resources */,
				BEC89972C5DF5F6D03E9B27B /* [CP] Embed Pods Frameworks */,
			);
			buildRules = (
			);
			dependencies = (
			);
			name = TodoEuyApp;
			productName = TodoEuyApp;
			productReference = BD3358642704184700988D8D /* TodoEuyApp.app */;
			productType = "com.apple.product-type.application";
		};
/* End PBXNativeTarget section */

/* Begin PBXProject section */
		BD33585C2704184700988D8D /* Project object */ = {
			isa = PBXProject;
			attributes = {
				BuildIndependentTargetsInParallel = 1;
				LastSwiftUpdateCheck = 1300;
				LastUpgradeCheck = 1300;
				TargetAttributes = {
					BD3358632704184700988D8D = {
						CreatedOnToolsVersion = 13.0;
					};
				};
			};
			buildConfigurationList = BD33585F2704184700988D8D /* Build configuration list for PBXProject "TodoEuyApp" */;
			compatibilityVersion = "Xcode 13.0";
			developmentRegion = en;
			hasScannedForEncodings = 0;
			knownRegions = (
				en,
				Base,
			);
			mainGroup = BD33585B2704184700988D8D;
			productRefGroup = BD3358652704184700988D8D /* Products */;
			projectDirPath = "";
			projectRoot = "";
			targets = (
				BD3358632704184700988D8D /* TodoEuyApp */,
			);
		};
/* End PBXProject section */

/* Begin PBXResourcesBuildPhase section */
		BD3358622704184700988D8D /* Resources */ = {
			isa = PBXResourcesBuildPhase;
			buildActionMask = 2147483647;
			files = (
				BD3358742704184A00988D8D /* LaunchScreen.storyboard in Resources */,
				BD3358712704184A00988D8D /* Assets.xcassets in Resources */,
				BD33586F2704184700988D8D /* Main.storyboard in Resources */,
			);
			runOnlyForDeploymentPostprocessing = 0;
		};
/* End PBXResourcesBuildPhase section */

/* Begin PBXShellScriptBuildPhase section */
		44B0880D2010250F59879C28 /* [CP] Check Pods Manifest.lock */ = {
			isa = PBXShellScriptBuildPhase;
			buildActionMask = 2147483647;
			files = (
			);
			inputFileListPaths = (
			);
			inputPaths = (
				"${PODS_PODFILE_DIR_PATH}/Podfile.lock",
				"${PODS_ROOT}/Manifest.lock",
			);
			name = "[CP] Check Pods Manifest.lock";
			outputFileListPaths = (
			);
			outputPaths = (
				"$(DERIVED_FILE_DIR)/Pods-TodoEuyApp-checkManifestLockResult.txt",
			);
			runOnlyForDeploymentPostprocessing = 0;
			shellPath = /bin/sh;
			shellScript = "diff \"${PODS_PODFILE_DIR_PATH}/Podfile.lock\" \"${PODS_ROOT}/Manifest.lock\" > /dev/null\nif [ $? != 0 ] ; then\n    # print error to STDERR\n    echo \"error: The sandbox is not in sync with the Podfile.lock. Run 'pod install' or update your CocoaPods installation.\" >&2\n    exit 1\nfi\n# This output is used by Xcode 'outputs' to avoid re-running this script phase.\necho \"SUCCESS\" > \"${SCRIPT_OUTPUT_FILE_0}\"\n";
			showEnvVarsInLog = 0;
		};
		BEC89972C5DF5F6D03E9B27B /* [CP] Embed Pods Frameworks */ = {
			isa = PBXShellScriptBuildPhase;
			buildActionMask = 2147483647;
			files = (
			);
			inputFileListPaths = (
				"${PODS_ROOT}/Target Support Files/Pods-TodoEuyApp/Pods-TodoEuyApp-frameworks-${CONFIGURATION}-input-files.xcfilelist",
			);
			name = "[CP] Embed Pods Frameworks";
			outputFileListPaths = (
				"${PODS_ROOT}/Target Support Files/Pods-TodoEuyApp/Pods-TodoEuyApp-frameworks-${CONFIGURATION}-output-files.xcfilelist",
			);
			runOnlyForDeploymentPostprocessing = 0;
			shellPath = /bin/sh;
			shellScript = "\"${PODS_ROOT}/Target Support Files/Pods-TodoEuyApp/Pods-TodoEuyApp-frameworks.sh\"\n";
			showEnvVarsInLog = 0;
		};
/* End PBXShellScriptBuildPhase section */

/* Begin PBXSourcesBuildPhase section */
		BD3358602704184700988D8D /* Sources */ = {
			isa = PBXSourcesBuildPhase;
			buildActionMask = 2147483647;
			files = (
				BD7D7243270D7AD2000D3C30 /* Item.swift in Sources */,
				BDE8782D270BF407006EBED2 /* CategoryViewController.swift in Sources */,
				BD33586C2704184700988D8D /* ViewController.swift in Sources */,
				BD3358682704184700988D8D /* AppDelegate.swift in Sources */,
				BD33586A2704184700988D8D /* SceneDelegate.swift in Sources */,
				BD7D7245270D7AE3000D3C30 /* Category.swift in Sources */,
			);
			runOnlyForDeploymentPostprocessing = 0;
		};
/* End PBXSourcesBuildPhase section */

/* Begin PBXVariantGroup section */
		BD33586D2704184700988D8D /* Main.storyboard */ = {
			isa = PBXVariantGroup;
			children = (
				BD33586E2704184700988D8D /* Base */,
			);
			name = Main.storyboard;
			sourceTree = "<group>";
		};
		BD3358722704184A00988D8D /* LaunchScreen.storyboard */ = {
			isa = PBXVariantGroup;
			children = (
				BD3358732704184A00988D8D /* Base */,
			);
			name = LaunchScreen.storyboard;
			sourceTree = "<group>";
		};
/* End PBXVariantGroup section */

/* Begin XCBuildConfiguration section */
		BD3358762704184A00988D8D /* Debug */ = {
			isa = XCBuildConfiguration;
			buildSettings = {
				ALWAYS_SEARCH_USER_PATHS = NO;
				CLANG_ANALYZER_NONNULL = YES;
				CLANG_ANALYZER_NUMBER_OBJECT_CONVERSION = YES_AGGRESSIVE;
				CLANG_CXX_LANGUAGE_STANDARD = "gnu++17";
				CLANG_CXX_LIBRARY = "libc++";
				CLANG_ENABLE_MODULES = YES;
				CLANG_ENABLE_OBJC_ARC = YES;
				CLANG_ENABLE_OBJC_WEAK = YES;
				CLANG_WARN_BLOCK_CAPTURE_AUTORELEASING = YES;
				CLANG_WARN_BOOL_CONVERSION = YES;
				CLANG_WARN_COMMA = YES;
				CLANG_WARN_CONSTANT_CONVERSION = YES;
				CLANG_WARN_DEPRECATED_OBJC_IMPLEMENTATIONS = YES;
				CLANG_WARN_DIRECT_OBJC_ISA_USAGE = YES_ERROR;
				CLANG_WARN_DOCUMENTATION_COMMENTS = YES;
				CLANG_WARN_EMPTY_BODY = YES;
				CLANG_WARN_ENUM_CONVERSION = YES;
				CLANG_WARN_INFINITE_RECURSION = YES;
				CLANG_WARN_INT_CONVERSION = YES;
				CLANG_WARN_NON_LITERAL_NULL_CONVERSION = YES;
				CLANG_WARN_OBJC_IMPLICIT_RETAIN_SELF = YES;
				CLANG_WARN_OBJC_LITERAL_CONVERSION = YES;
				CLANG_WARN_OBJC_ROOT_CLASS = YES_ERROR;
				CLANG_WARN_QUOTED_INCLUDE_IN_FRAMEWORK_HEADER = YES;
				CLANG_WARN_RANGE_LOOP_ANALYSIS = YES;
				CLANG_WARN_STRICT_PROTOTYPES = YES;
				CLANG_WARN_SUSPICIOUS_MOVE = YES;
				CLANG_WARN_UNGUARDED_AVAILABILITY = YES_AGGRESSIVE;
				CLANG_WARN_UNREACHABLE_CODE = YES;
				CLANG_WARN__DUPLICATE_METHOD_MATCH = YES;
				COPY_PHASE_STRIP = NO;
				DEBUG_INFORMATION_FORMAT = dwarf;
				ENABLE_STRICT_OBJC_MSGSEND = YES;
				ENABLE_TESTABILITY = YES;
				GCC_C_LANGUAGE_STANDARD = gnu11;
				GCC_DYNAMIC_NO_PIC = NO;
				GCC_NO_COMMON_BLOCKS = YES;
				GCC_OPTIMIZATION_LEVEL = 0;
				GCC_PREPROCESSOR_DEFINITIONS = (
					"DEBUG=1",
					"$(inherited)",
				);
				GCC_WARN_64_TO_32_BIT_CONVERSION = YES;
				GCC_WARN_ABOUT_RETURN_TYPE = YES_ERROR;
				GCC_WARN_UNDECLARED_SELECTOR = YES;
				GCC_WARN_UNINITIALIZED_AUTOS = YES_AGGRESSIVE;
				GCC_WARN_UNUSED_FUNCTION = YES;
				GCC_WARN_UNUSED_VARIABLE = YES;
				IPHONEOS_DEPLOYMENT_TARGET = 15.0;
				MTL_ENABLE_DEBUG_INFO = INCLUDE_SOURCE;
				MTL_FAST_MATH = YES;
				ONLY_ACTIVE_ARCH = YES;
				SDKROOT = iphoneos;
				SWIFT_ACTIVE_COMPILATION_CONDITIONS = DEBUG;
				SWIFT_OPTIMIZATION_LEVEL = "-Onone";
			};
			name = Debug;
		};
		BD3358772704184A00988D8D /* Release */ = {
			isa = XCBuildConfiguration;
			buildSettings = {
				ALWAYS_SEARCH_USER_PATHS = NO;
				CLANG_ANALYZER_NONNULL = YES;
				CLANG_ANALYZER_NUMBER_OBJECT_CONVERSION = YES_AGGRESSIVE;
				CLANG_CXX_LANGUAGE_STANDARD = "gnu++17";
				CLANG_CXX_LIBRARY = "libc++";
				CLANG_ENABLE_MODULES = YES;
				CLANG_ENABLE_OBJC_ARC = YES;
				CLANG_ENABLE_OBJC_WEAK = YES;
				CLANG_WARN_BLOCK_CAPTURE_AUTORELEASING = YES;
				CLANG_WARN_BOOL_CONVERSION = YES;
				CLANG_WARN_COMMA = YES;
				CLANG_WARN_CONSTANT_CONVERSION = YES;
				CLANG_WARN_DEPRECATED_OBJC_IMPLEMENTATIONS = YES;
				CLANG_WARN_DIRECT_OBJC_ISA_USAGE = YES_ERROR;
				CLANG_WARN_DOCUMENTATION_COMMENTS = YES;
				CLANG_WARN_EMPTY_BODY = YES;
				CLANG_WARN_ENUM_CONVERSION = YES;
				CLANG_WARN_INFINITE_RECURSION = YES;
				CLANG_WARN_INT_CONVERSION = YES;
				CLANG_WARN_NON_LITERAL_NULL_CONVERSION = YES;
				CLANG_WARN_OBJC_IMPLICIT_RETAIN_SELF = YES;
				CLANG_WARN_OBJC_LITERAL_CONVERSION = YES;
				CLANG_WARN_OBJC_ROOT_CLASS = YES_ERROR;
				CLANG_WARN_QUOTED_INCLUDE_IN_FRAMEWORK_HEADER = YES;
				CLANG_WARN_RANGE_LOOP_ANALYSIS = YES;
				CLANG_WARN_STRICT_PROTOTYPES = YES;
				CLANG_WARN_SUSPICIOUS_MOVE = YES;
				CLANG_WARN_UNGUARDED_AVAILABILITY = YES_AGGRESSIVE;
				CLANG_WARN_UNREACHABLE_CODE = YES;
				CLANG_WARN__DUPLICATE_METHOD_MATCH = YES;
				COPY_PHASE_STRIP = NO;
				DEBUG_INFORMATION_FORMAT = "dwarf-with-dsym";
				ENABLE_NS_ASSERTIONS = NO;
				ENABLE_STRICT_OBJC_MSGSEND = YES;
				GCC_C_LANGUAGE_STANDARD = gnu11;
				GCC_NO_COMMON_BLOCKS = YES;
				GCC_WARN_64_TO_32_BIT_CONVERSION = YES;
				GCC_WARN_ABOUT_RETURN_TYPE = YES_ERROR;
				GCC_WARN_UNDECLARED_SELECTOR = YES;
				GCC_WARN_UNINITIALIZED_AUTOS = YES_AGGRESSIVE;
				GCC_WARN_UNUSED_FUNCTION = YES;
				GCC_WARN_UNUSED_VARIABLE = YES;
				IPHONEOS_DEPLOYMENT_TARGET = 15.0;
				MTL_ENABLE_DEBUG_INFO = NO;
				MTL_FAST_MATH = YES;
				SDKROOT = iphoneos;
				SWIFT_COMPILATION_MODE = wholemodule;
				SWIFT_OPTIMIZATION_LEVEL = "-O";
				VALIDATE_PRODUCT = YES;
			};
			name = Release;
		};
		BD3358792704184A00988D8D /* Debug */ = {
			isa = XCBuildConfiguration;
			baseConfigurationReference = 032E4BE736098A39F2DF100D /* Pods-TodoEuyApp.debug.xcconfig */;
			buildSettings = {
				ASSETCATALOG_COMPILER_APPICON_NAME = AppIcon;
				ASSETCATALOG_COMPILER_GLOBAL_ACCENT_COLOR_NAME = AccentColor;
				CODE_SIGN_STYLE = Automatic;
				CURRENT_PROJECT_VERSION = 1;
				DEVELOPMENT_TEAM = YM9RBHH3SL;
				GENERATE_INFOPLIST_FILE = YES;
				INFOPLIST_FILE = TodoEuyApp/Info.plist;
				INFOPLIST_KEY_UIApplicationSupportsIndirectInputEvents = YES;
				INFOPLIST_KEY_UILaunchStoryboardName = LaunchScreen;
				INFOPLIST_KEY_UIMainStoryboardFile = Main;
				INFOPLIST_KEY_UISupportedInterfaceOrientations_iPad = "UIInterfaceOrientationPortrait UIInterfaceOrientationPortraitUpsideDown UIInterfaceOrientationLandscapeLeft UIInterfaceOrientationLandscapeRight";
				INFOPLIST_KEY_UISupportedInterfaceOrientations_iPhone = "UIInterfaceOrientationPortrait UIInterfaceOrientationLandscapeLeft UIInterfaceOrientationLandscapeRight";
				LD_RUNPATH_SEARCH_PATHS = (
					"$(inherited)",
					"@executable_path/Frameworks",
				);
				MARKETING_VERSION = 1.0;
				PRODUCT_BUNDLE_IDENTIFIER = com.xbadut.TodoEuyApp;
				PRODUCT_NAME = "$(TARGET_NAME)";
				SWIFT_EMIT_LOC_STRINGS = YES;
				SWIFT_VERSION = 5.0;
				TARGETED_DEVICE_FAMILY = "1,2";
			};
			name = Debug;
		};
		BD33587A2704184A00988D8D /* Release */ = {
			isa = XCBuildConfiguration;
			baseConfigurationReference = A5D1E22BB910D0C3753E0E15 /* Pods-TodoEuyApp.release.xcconfig */;
			buildSettings = {
				ASSETCATALOG_COMPILER_APPICON_NAME = AppIcon;
				ASSETCATALOG_COMPILER_GLOBAL_ACCENT_COLOR_NAME = AccentColor;
				CODE_SIGN_STYLE = Automatic;
				CURRENT_PROJECT_VERSION = 1;
				DEVELOPMENT_TEAM = YM9RBHH3SL;
				GENERATE_INFOPLIST_FILE = YES;
				INFOPLIST_FILE = TodoEuyApp/Info.plist;
				INFOPLIST_KEY_UIApplicationSupportsIndirectInputEvents = YES;
				INFOPLIST_KEY_UILaunchStoryboardName = LaunchScreen;
				INFOPLIST_KEY_UIMainStoryboardFile = Main;
				INFOPLIST_KEY_UISupportedInterfaceOrientations_iPad = "UIInterfaceOrientationPortrait UIInterfaceOrientationPortraitUpsideDown UIInterfaceOrientationLandscapeLeft UIInterfaceOrientationLandscapeRight";
				INFOPLIST_KEY_UISupportedInterfaceOrientations_iPhone = "UIInterfaceOrientationPortrait UIInterfaceOrientationLandscapeLeft UIInterfaceOrientationLandscapeRight";
				LD_RUNPATH_SEARCH_PATHS = (
					"$(inherited)",
					"@executable_path/Frameworks",
				);
				MARKETING_VERSION = 1.0;
				PRODUCT_BUNDLE_IDENTIFIER = com.xbadut.TodoEuyApp;
				PRODUCT_NAME = "$(TARGET_NAME)";
				SWIFT_EMIT_LOC_STRINGS = YES;
				SWIFT_VERSION = 5.0;
				TARGETED_DEVICE_FAMILY = "1,2";
			};
			name = Release;
		};
/* End XCBuildConfiguration section */

/* Begin XCConfigurationList section */
		BD33585F2704184700988D8D /* Build configuration list for PBXProject "TodoEuyApp" */ = {
			isa = XCConfigurationList;
			buildConfigurations = (
				BD3358762704184A00988D8D /* Debug */,
				BD3358772704184A00988D8D /* Release */,
			);
			defaultConfigurationIsVisible = 0;
			defaultConfigurationName = Release;
		};
		BD3358782704184A00988D8D /* Build configuration list for PBXNativeTarget "TodoEuyApp" */ = {
			isa = XCConfigurationList;
			buildConfigurations = (
				BD3358792704184A00988D8D /* Debug */,
				BD33587A2704184A00988D8D /* Release */,
			);
			defaultConfigurationIsVisible = 0;
			defaultConfigurationName = Release;
		};
/* End XCConfigurationList section */
	};
	rootObject = BD33585C2704184700988D8D /* Project object */;
}
