// !$*UTF8*$!
{
	archiveVersion = 1;
	classes = {
	};
	objectVersion = 50;
	objects = {

/* Begin PBXBuildFile section */
		BDB6D96126E39C1500892530 /* AppDelegate.swift in Sources */ = {isa = PBXBuildFile; fileRef = BDB6D96026E39C1500892530 /* AppDelegate.swift */; };
		BDB6D96326E39C1500892530 /* SceneDelegate.swift in Sources */ = {isa = PBXBuildFile; fileRef = BDB6D96226E39C1500892530 /* SceneDelegate.swift */; };
		BDB6D96526E39C1500892530 /* ViewController.swift in Sources */ = {isa = PBXBuildFile; fileRef = BDB6D96426E39C1500892530 /* ViewController.swift */; };
		BDB6D96826E39C1500892530 /* Main.storyboard in Resources */ = {isa = PBXBuildFile; fileRef = BDB6D96626E39C1500892530 /* Main.storyboard */; };
		BDB6D96A26E39C1700892530 /* Assets.xcassets in Resources */ = {isa = PBXBuildFile; fileRef = BDB6D96926E39C1700892530 /* Assets.xcassets */; };
		BDB6D96D26E39C1700892530 /* LaunchScreen.storyboard in Resources */ = {isa = PBXBuildFile; fileRef = BDB6D96B26E39C1700892530 /* LaunchScreen.storyboard */; };
		BDB6D97826E39C1700892530 /* iampoorTests.swift in Sources */ = {isa = PBXBuildFile; fileRef = BDB6D97726E39C1700892530 /* iampoorTests.swift */; };
		BDB6D98326E39C1700892530 /* iampoorUITests.swift in Sources */ = {isa = PBXBuildFile; fileRef = BDB6D98226E39C1700892530 /* iampoorUITests.swift */; };
/* End PBXBuildFile section */

/* Begin PBXContainerItemProxy section */
		BDB6D97426E39C1700892530 /* PBXContainerItemProxy */ = {
			isa = PBXContainerItemProxy;
			containerPortal = BDB6D95526E39C1500892530 /* Project object */;
			proxyType = 1;
			remoteGlobalIDString = BDB6D95C26E39C1500892530;
			remoteInfo = iampoor;
		};
		BDB6D97F26E39C1700892530 /* PBXContainerItemProxy */ = {
			isa = PBXContainerItemProxy;
			containerPortal = BDB6D95526E39C1500892530 /* Project object */;
			proxyType = 1;
			remoteGlobalIDString = BDB6D95C26E39C1500892530;
			remoteInfo = iampoor;
		};
/* End PBXContainerItemProxy section */

/* Begin PBXFileReference section */
		BDB6D95D26E39C1500892530 /* iampoor.app */ = {isa = PBXFileReference; explicitFileType = wrapper.application; includeInIndex = 0; path = iampoor.app; sourceTree = BUILT_PRODUCTS_DIR; };
		BDB6D96026E39C1500892530 /* AppDelegate.swift */ = {isa = PBXFileReference; lastKnownFileType = sourcecode.swift; path = AppDelegate.swift; sourceTree = "<group>"; };
		BDB6D96226E39C1500892530 /* SceneDelegate.swift */ = {isa = PBXFileReference; lastKnownFileType = sourcecode.swift; path = SceneDelegate.swift; sourceTree = "<group>"; };
		BDB6D96426E39C1500892530 /* ViewController.swift */ = {isa = PBXFileReference; lastKnownFileType = sourcecode.swift; path = ViewController.swift; sourceTree = "<group>"; };
		BDB6D96726E39C1500892530 /* Base */ = {isa = PBXFileReference; lastKnownFileType = file.storyboard; name = Base; path = Base.lproj/Main.storyboard; sourceTree = "<group>"; };
		BDB6D96926E39C1700892530 /* Assets.xcassets */ = {isa = PBXFileReference; lastKnownFileType = folder.assetcatalog; path = Assets.xcassets; sourceTree = "<group>"; };
		BDB6D96C26E39C1700892530 /* Base */ = {isa = PBXFileReference; lastKnownFileType = file.storyboard; name = Base; path = Base.lproj/LaunchScreen.storyboard; sourceTree = "<group>"; };
		BDB6D96E26E39C1700892530 /* Info.plist */ = {isa = PBXFileReference; lastKnownFileType = text.plist.xml; path = Info.plist; sourceTree = "<group>"; };
		BDB6D97326E39C1700892530 /* iampoorTests.xctest */ = {isa = PBXFileReference; explicitFileType = wrapper.cfbundle; includeInIndex = 0; path = iampoorTests.xctest; sourceTree = BUILT_PRODUCTS_DIR; };
		BDB6D97726E39C1700892530 /* iampoorTests.swift */ = {isa = PBXFileReference; lastKnownFileType = sourcecode.swift; path = iampoorTests.swift; sourceTree = "<group>"; };
		BDB6D97926E39C1700892530 /* Info.plist */ = {isa = PBXFileReference; lastKnownFileType = text.plist.xml; path = Info.plist; sourceTree = "<group>"; };
		BDB6D97E26E39C1700892530 /* iampoorUITests.xctest */ = {isa = PBXFileReference; explicitFileType = wrapper.cfbundle; includeInIndex = 0; path = iampoorUITests.xctest; sourceTree = BUILT_PRODUCTS_DIR; };
		BDB6D98226E39C1700892530 /* iampoorUITests.swift */ = {isa = PBXFileReference; lastKnownFileType = sourcecode.swift; path = iampoorUITests.swift; sourceTree = "<group>"; };
		BDB6D98426E39C1700892530 /* Info.plist */ = {isa = PBXFileReference; lastKnownFileType = text.plist.xml; path = Info.plist; sourceTree = "<group>"; };
/* End PBXFileReference section */

/* Begin PBXFrameworksBuildPhase section */
		BDB6D95A26E39C1500892530 /* Frameworks */ = {
			isa = PBXFrameworksBuildPhase;
			buildActionMask = 2147483647;
			files = (
			);
			runOnlyForDeploymentPostprocessing = 0;
		};
		BDB6D97026E39C1700892530 /* Frameworks */ = {
			isa = PBXFrameworksBuildPhase;
			buildActionMask = 2147483647;
			files = (
			);
			runOnlyForDeploymentPostprocessing = 0;
		};
		BDB6D97B26E39C1700892530 /* Frameworks */ = {
			isa = PBXFrameworksBuildPhase;
			buildActionMask = 2147483647;
			files = (
			);
			runOnlyForDeploymentPostprocessing = 0;
		};
/* End PBXFrameworksBuildPhase section */

/* Begin PBXGroup section */
		BDB6D95426E39C1500892530 = {
			isa = PBXGroup;
			children = (
				BDB6D95F26E39C1500892530 /* iampoor */,
				BDB6D97626E39C1700892530 /* iampoorTests */,
				BDB6D98126E39C1700892530 /* iampoorUITests */,
				BDB6D95E26E39C1500892530 /* Products */,
			);
			sourceTree = "<group>";
		};
		BDB6D95E26E39C1500892530 /* Products */ = {
			isa = PBXGroup;
			children = (
				BDB6D95D26E39C1500892530 /* iampoor.app */,
				BDB6D97326E39C1700892530 /* iampoorTests.xctest */,
				BDB6D97E26E39C1700892530 /* iampoorUITests.xctest */,
			);
			name = Products;
			sourceTree = "<group>";
		};
		BDB6D95F26E39C1500892530 /* iampoor */ = {
			isa = PBXGroup;
			children = (
				BDB6D96026E39C1500892530 /* AppDelegate.swift */,
				BDB6D96226E39C1500892530 /* SceneDelegate.swift */,
				BDB6D96426E39C1500892530 /* ViewController.swift */,
				BDB6D96626E39C1500892530 /* Main.storyboard */,
				BDB6D96926E39C1700892530 /* Assets.xcassets */,
				BDB6D96B26E39C1700892530 /* LaunchScreen.storyboard */,
				BDB6D96E26E39C1700892530 /* Info.plist */,
			);
			path = iampoor;
			sourceTree = "<group>";
		};
		BDB6D97626E39C1700892530 /* iampoorTests */ = {
			isa = PBXGroup;
			children = (
				BDB6D97726E39C1700892530 /* iampoorTests.swift */,
				BDB6D97926E39C1700892530 /* Info.plist */,
			);
			path = iampoorTests;
			sourceTree = "<group>";
		};
		BDB6D98126E39C1700892530 /* iampoorUITests */ = {
			isa = PBXGroup;
			children = (
				BDB6D98226E39C1700892530 /* iampoorUITests.swift */,
				BDB6D98426E39C1700892530 /* Info.plist */,
			);
			path = iampoorUITests;
			sourceTree = "<group>";
		};
/* End PBXGroup section */

/* Begin PBXNativeTarget section */
		BDB6D95C26E39C1500892530 /* iampoor */ = {
			isa = PBXNativeTarget;
			buildConfigurationList = BDB6D98726E39C1700892530 /* Build configuration list for PBXNativeTarget "iampoor" */;
			buildPhases = (
				BDB6D95926E39C1500892530 /* Sources */,
				BDB6D95A26E39C1500892530 /* Frameworks */,
				BDB6D95B26E39C1500892530 /* Resources */,
			);
			buildRules = (
			);
			dependencies = (
			);
			name = iampoor;
			productName = iampoor;
			productReference = BDB6D95D26E39C1500892530 /* iampoor.app */;
			productType = "com.apple.product-type.application";
		};
		BDB6D97226E39C1700892530 /* iampoorTests */ = {
			isa = PBXNativeTarget;
			buildConfigurationList = BDB6D98A26E39C1700892530 /* Build configuration list for PBXNativeTarget "iampoorTests" */;
			buildPhases = (
				BDB6D96F26E39C1700892530 /* Sources */,
				BDB6D97026E39C1700892530 /* Frameworks */,
				BDB6D97126E39C1700892530 /* Resources */,
			);
			buildRules = (
			);
			dependencies = (
				BDB6D97526E39C1700892530 /* PBXTargetDependency */,
			);
			name = iampoorTests;
			productName = iampoorTests;
			productReference = BDB6D97326E39C1700892530 /* iampoorTests.xctest */;
			productType = "com.apple.product-type.bundle.unit-test";
		};
		BDB6D97D26E39C1700892530 /* iampoorUITests */ = {
			isa = PBXNativeTarget;
			buildConfigurationList = BDB6D98D26E39C1700892530 /* Build configuration list for PBXNativeTarget "iampoorUITests" */;
			buildPhases = (
				BDB6D97A26E39C1700892530 /* Sources */,
				BDB6D97B26E39C1700892530 /* Frameworks */,
				BDB6D97C26E39C1700892530 /* Resources */,
			);
			buildRules = (
			);
			dependencies = (
				BDB6D98026E39C1700892530 /* PBXTargetDependency */,
			);
			name = iampoorUITests;
			productName = iampoorUITests;
			productReference = BDB6D97E26E39C1700892530 /* iampoorUITests.xctest */;
			productType = "com.apple.product-type.bundle.ui-testing";
		};
/* End PBXNativeTarget section */

/* Begin PBXProject section */
		BDB6D95526E39C1500892530 /* Project object */ = {
			isa = PBXProject;
			attributes = {
				LastSwiftUpdateCheck = 1240;
				LastUpgradeCheck = 1240;
				TargetAttributes = {
					BDB6D95C26E39C1500892530 = {
						CreatedOnToolsVersion = 12.4;
					};
					BDB6D97226E39C1700892530 = {
						CreatedOnToolsVersion = 12.4;
						TestTargetID = BDB6D95C26E39C1500892530;
					};
					BDB6D97D26E39C1700892530 = {
						CreatedOnToolsVersion = 12.4;
						TestTargetID = BDB6D95C26E39C1500892530;
					};
				};
			};
			buildConfigurationList = BDB6D95826E39C1500892530 /* Build configuration list for PBXProject "iampoor" */;
			compatibilityVersion = "Xcode 9.3";
			developmentRegion = en;
			hasScannedForEncodings = 0;
			knownRegions = (
				en,
				Base,
			);
			mainGroup = BDB6D95426E39C1500892530;
			productRefGroup = BDB6D95E26E39C1500892530 /* Products */;
			projectDirPath = "";
			projectRoot = "";
			targets = (
				BDB6D95C26E39C1500892530 /* iampoor */,
				BDB6D97226E39C1700892530 /* iampoorTests */,
				BDB6D97D26E39C1700892530 /* iampoorUITests */,
			);
		};
/* End PBXProject section */

/* Begin PBXResourcesBuildPhase section */
		BDB6D95B26E39C1500892530 /* Resources */ = {
			isa = PBXResourcesBuildPhase;
			buildActionMask = 2147483647;
			files = (
				BDB6D96D26E39C1700892530 /* LaunchScreen.storyboard in Resources */,
				BDB6D96A26E39C1700892530 /* Assets.xcassets in Resources */,
				BDB6D96826E39C1500892530 /* Main.storyboard in Resources */,
			);
			runOnlyForDeploymentPostprocessing = 0;
		};
		BDB6D97126E39C1700892530 /* Resources */ = {
			isa = PBXResourcesBuildPhase;
			buildActionMask = 2147483647;
			files = (
			);
			runOnlyForDeploymentPostprocessing = 0;
		};
		BDB6D97C26E39C1700892530 /* Resources */ = {
			isa = PBXResourcesBuildPhase;
			buildActionMask = 2147483647;
			files = (
			);
			runOnlyForDeploymentPostprocessing = 0;
		};
/* End PBXResourcesBuildPhase section */

/* Begin PBXSourcesBuildPhase section */
		BDB6D95926E39C1500892530 /* Sources */ = {
			isa = PBXSourcesBuildPhase;
			buildActionMask = 2147483647;
			files = (
				BDB6D96526E39C1500892530 /* ViewController.swift in Sources */,
				BDB6D96126E39C1500892530 /* AppDelegate.swift in Sources */,
				BDB6D96326E39C1500892530 /* SceneDelegate.swift in Sources */,
			);
			runOnlyForDeploymentPostprocessing = 0;
		};
		BDB6D96F26E39C1700892530 /* Sources */ = {
			isa = PBXSourcesBuildPhase;
			buildActionMask = 2147483647;
			files = (
				BDB6D97826E39C1700892530 /* iampoorTests.swift in Sources */,
			);
			runOnlyForDeploymentPostprocessing = 0;
		};
		BDB6D97A26E39C1700892530 /* Sources */ = {
			isa = PBXSourcesBuildPhase;
			buildActionMask = 2147483647;
			files = (
				BDB6D98326E39C1700892530 /* iampoorUITests.swift in Sources */,
			);
			runOnlyForDeploymentPostprocessing = 0;
		};
/* End PBXSourcesBuildPhase section */

/* Begin PBXTargetDependency section */
		BDB6D97526E39C1700892530 /* PBXTargetDependency */ = {
			isa = PBXTargetDependency;
			target = BDB6D95C26E39C1500892530 /* iampoor */;
			targetProxy = BDB6D97426E39C1700892530 /* PBXContainerItemProxy */;
		};
		BDB6D98026E39C1700892530 /* PBXTargetDependency */ = {
			isa = PBXTargetDependency;
			target = BDB6D95C26E39C1500892530 /* iampoor */;
			targetProxy = BDB6D97F26E39C1700892530 /* PBXContainerItemProxy */;
		};
/* End PBXTargetDependency section */

/* Begin PBXVariantGroup section */
		BDB6D96626E39C1500892530 /* Main.storyboard */ = {
			isa = PBXVariantGroup;
			children = (
				BDB6D96726E39C1500892530 /* Base */,
			);
			name = Main.storyboard;
			sourceTree = "<group>";
		};
		BDB6D96B26E39C1700892530 /* LaunchScreen.storyboard */ = {
			isa = PBXVariantGroup;
			children = (
				BDB6D96C26E39C1700892530 /* Base */,
			);
			name = LaunchScreen.storyboard;
			sourceTree = "<group>";
		};
/* End PBXVariantGroup section */

/* Begin XCBuildConfiguration section */
		BDB6D98526E39C1700892530 /* Debug */ = {
			isa = XCBuildConfiguration;
			buildSettings = {
				ALWAYS_SEARCH_USER_PATHS = NO;
				CLANG_ANALYZER_NONNULL = YES;
				CLANG_ANALYZER_NUMBER_OBJECT_CONVERSION = YES_AGGRESSIVE;
				CLANG_CXX_LANGUAGE_STANDARD = "gnu++14";
				CLANG_CXX_LIBRARY = "libc++";
				CLANG_ENABLE_MODULES = YES;
				CLANG_ENABLE_OBJC_ARC = YES;
				CLANG_ENABLE_OBJC_WEAK = YES;
				CLANG_WARN_BLOCK_CAPTURE_AUTORELEASING = YES;
				CLANG_WARN_BOOL_CONVERSION = YES;
				CLANG_WARN_COMMA = YES;
				CLANG_WARN_CONSTANT_CONVERSION = YES;
				CLANG_WARN_DEPRECATED_OBJC_IMPLEMENTATIONS = YES;
				CLANG_WARN_DIRECT_OBJC_ISA_USAGE = YES_ERROR;
				CLANG_WARN_DOCUMENTATION_COMMENTS = YES;
				CLANG_WARN_EMPTY_BODY = YES;
				CLANG_WARN_ENUM_CONVERSION = YES;
				CLANG_WARN_INFINITE_RECURSION = YES;
				CLANG_WARN_INT_CONVERSION = YES;
				CLANG_WARN_NON_LITERAL_NULL_CONVERSION = YES;
				CLANG_WARN_OBJC_IMPLICIT_RETAIN_SELF = YES;
				CLANG_WARN_OBJC_LITERAL_CONVERSION = YES;
				CLANG_WARN_OBJC_ROOT_CLASS = YES_ERROR;
				CLANG_WARN_QUOTED_INCLUDE_IN_FRAMEWORK_HEADER = YES;
				CLANG_WARN_RANGE_LOOP_ANALYSIS = YES;
				CLANG_WARN_STRICT_PROTOTYPES = YES;
				CLANG_WARN_SUSPICIOUS_MOVE = YES;
				CLANG_WARN_UNGUARDED_AVAILABILITY = YES_AGGRESSIVE;
				CLANG_WARN_UNREACHABLE_CODE = YES;
				CLANG_WARN__DUPLICATE_METHOD_MATCH = YES;
				COPY_PHASE_STRIP = NO;
				DEBUG_INFORMATION_FORMAT = dwarf;
				ENABLE_STRICT_OBJC_MSGSEND = YES;
				ENABLE_TESTABILITY = YES;
				GCC_C_LANGUAGE_STANDARD = gnu11;
				GCC_DYNAMIC_NO_PIC = NO;
				GCC_NO_COMMON_BLOCKS = YES;
				GCC_OPTIMIZATION_LEVEL = 0;
				GCC_PREPROCESSOR_DEFINITIONS = (
					"DEBUG=1",
					"$(inherited)",
				);
				GCC_WARN_64_TO_32_BIT_CONVERSION = YES;
				GCC_WARN_ABOUT_RETURN_TYPE = YES_ERROR;
				GCC_WARN_UNDECLARED_SELECTOR = YES;
				GCC_WARN_UNINITIALIZED_AUTOS = YES_AGGRESSIVE;
				GCC_WARN_UNUSED_FUNCTION = YES;
				GCC_WARN_UNUSED_VARIABLE = YES;
				IPHONEOS_DEPLOYMENT_TARGET = 14.4;
				MTL_ENABLE_DEBUG_INFO = INCLUDE_SOURCE;
				MTL_FAST_MATH = YES;
				ONLY_ACTIVE_ARCH = YES;
				SDKROOT = iphoneos;
				SWIFT_ACTIVE_COMPILATION_CONDITIONS = DEBUG;
				SWIFT_OPTIMIZATION_LEVEL = "-Onone";
			};
			name = Debug;
		};
		BDB6D98626E39C1700892530 /* Release */ = {
			isa = XCBuildConfiguration;
			buildSettings = {
				ALWAYS_SEARCH_USER_PATHS = NO;
				CLANG_ANALYZER_NONNULL = YES;
				CLANG_ANALYZER_NUMBER_OBJECT_CONVERSION = YES_AGGRESSIVE;
				CLANG_CXX_LANGUAGE_STANDARD = "gnu++14";
				CLANG_CXX_LIBRARY = "libc++";
				CLANG_ENABLE_MODULES = YES;
				CLANG_ENABLE_OBJC_ARC = YES;
				CLANG_ENABLE_OBJC_WEAK = YES;
				CLANG_WARN_BLOCK_CAPTURE_AUTORELEASING = YES;
				CLANG_WARN_BOOL_CONVERSION = YES;
				CLANG_WARN_COMMA = YES;
				CLANG_WARN_CONSTANT_CONVERSION = YES;
				CLANG_WARN_DEPRECATED_OBJC_IMPLEMENTATIONS = YES;
				CLANG_WARN_DIRECT_OBJC_ISA_USAGE = YES_ERROR;
				CLANG_WARN_DOCUMENTATION_COMMENTS = YES;
				CLANG_WARN_EMPTY_BODY = YES;
				CLANG_WARN_ENUM_CONVERSION = YES;
				CLANG_WARN_INFINITE_RECURSION = YES;
				CLANG_WARN_INT_CONVERSION = YES;
				CLANG_WARN_NON_LITERAL_NULL_CONVERSION = YES;
				CLANG_WARN_OBJC_IMPLICIT_RETAIN_SELF = YES;
				CLANG_WARN_OBJC_LITERAL_CONVERSION = YES;
				CLANG_WARN_OBJC_ROOT_CLASS = YES_ERROR;
				CLANG_WARN_QUOTED_INCLUDE_IN_FRAMEWORK_HEADER = YES;
				CLANG_WARN_RANGE_LOOP_ANALYSIS = YES;
				CLANG_WARN_STRICT_PROTOTYPES = YES;
				CLANG_WARN_SUSPICIOUS_MOVE = YES;
				CLANG_WARN_UNGUARDED_AVAILABILITY = YES_AGGRESSIVE;
				CLANG_WARN_UNREACHABLE_CODE = YES;
				CLANG_WARN__DUPLICATE_METHOD_MATCH = YES;
				COPY_PHASE_STRIP = NO;
				DEBUG_INFORMATION_FORMAT = "dwarf-with-dsym";
				ENABLE_NS_ASSERTIONS = NO;
				ENABLE_STRICT_OBJC_MSGSEND = YES;
				GCC_C_LANGUAGE_STANDARD = gnu11;
				GCC_NO_COMMON_BLOCKS = YES;
				GCC_WARN_64_TO_32_BIT_CONVERSION = YES;
				GCC_WARN_ABOUT_RETURN_TYPE = YES_ERROR;
				GCC_WARN_UNDECLARED_SELECTOR = YES;
				GCC_WARN_UNINITIALIZED_AUTOS = YES_AGGRESSIVE;
				GCC_WARN_UNUSED_FUNCTION = YES;
				GCC_WARN_UNUSED_VARIABLE = YES;
				IPHONEOS_DEPLOYMENT_TARGET = 14.4;
				MTL_ENABLE_DEBUG_INFO = NO;
				MTL_FAST_MATH = YES;
				SDKROOT = iphoneos;
				SWIFT_COMPILATION_MODE = wholemodule;
				SWIFT_OPTIMIZATION_LEVEL = "-O";
				VALIDATE_PRODUCT = YES;
			};
			name = Release;
		};
		BDB6D98826E39C1700892530 /* Debug */ = {
			isa = XCBuildConfiguration;
			buildSettings = {
				ASSETCATALOG_COMPILER_APPICON_NAME = AppIcon;
				ASSETCATALOG_COMPILER_GLOBAL_ACCENT_COLOR_NAME = AccentColor;
				CODE_SIGN_STYLE = Automatic;
				INFOPLIST_FILE = iampoor/Info.plist;
				LD_RUNPATH_SEARCH_PATHS = (
					"$(inherited)",
					"@executable_path/Frameworks",
				);
				PRODUCT_BUNDLE_IDENTIFIER = com.xbadut.iampoor;
				PRODUCT_NAME = "$(TARGET_NAME)";
				SWIFT_VERSION = 5.0;
				TARGETED_DEVICE_FAMILY = 1;
			};
			name = Debug;
		};
		BDB6D98926E39C1700892530 /* Release */ = {
			isa = XCBuildConfiguration;
			buildSettings = {
				ASSETCATALOG_COMPILER_APPICON_NAME = AppIcon;
				ASSETCATALOG_COMPILER_GLOBAL_ACCENT_COLOR_NAME = AccentColor;
				CODE_SIGN_STYLE = Automatic;
				INFOPLIST_FILE = iampoor/Info.plist;
				LD_RUNPATH_SEARCH_PATHS = (
					"$(inherited)",
					"@executable_path/Frameworks",
				);
				PRODUCT_BUNDLE_IDENTIFIER = com.xbadut.iampoor;
				PRODUCT_NAME = "$(TARGET_NAME)";
				SWIFT_VERSION = 5.0;
				TARGETED_DEVICE_FAMILY = 1;
			};
			name = Release;
		};
		BDB6D98B26E39C1700892530 /* Debug */ = {
			isa = XCBuildConfiguration;
			buildSettings = {
				ALWAYS_EMBED_SWIFT_STANDARD_LIBRARIES = YES;
				BUNDLE_LOADER = "$(TEST_HOST)";
				CODE_SIGN_STYLE = Automatic;
				INFOPLIST_FILE = iampoorTests/Info.plist;
				IPHONEOS_DEPLOYMENT_TARGET = 14.4;
				LD_RUNPATH_SEARCH_PATHS = (
					"$(inherited)",
					"@executable_path/Frameworks",
					"@loader_path/Frameworks",
				);
				PRODUCT_BUNDLE_IDENTIFIER = com.xbadut.iampoorTests;
				PRODUCT_NAME = "$(TARGET_NAME)";
				SWIFT_VERSION = 5.0;
				TARGETED_DEVICE_FAMILY = "1,2";
				TEST_HOST = "$(BUILT_PRODUCTS_DIR)/iampoor.app/iampoor";
			};
			name = Debug;
		};
		BDB6D98C26E39C1700892530 /* Release */ = {
			isa = XCBuildConfiguration;
			buildSettings = {
				ALWAYS_EMBED_SWIFT_STANDARD_LIBRARIES = YES;
				BUNDLE_LOADER = "$(TEST_HOST)";
				CODE_SIGN_STYLE = Automatic;
				INFOPLIST_FILE = iampoorTests/Info.plist;
				IPHONEOS_DEPLOYMENT_TARGET = 14.4;
				LD_RUNPATH_SEARCH_PATHS = (
					"$(inherited)",
					"@executable_path/Frameworks",
					"@loader_path/Frameworks",
				);
				PRODUCT_BUNDLE_IDENTIFIER = com.xbadut.iampoorTests;
				PRODUCT_NAME = "$(TARGET_NAME)";
				SWIFT_VERSION = 5.0;
				TARGETED_DEVICE_FAMILY = "1,2";
				TEST_HOST = "$(BUILT_PRODUCTS_DIR)/iampoor.app/iampoor";
			};
			name = Release;
		};
		BDB6D98E26E39C1700892530 /* Debug */ = {
			isa = XCBuildConfiguration;
			buildSettings = {
				ALWAYS_EMBED_SWIFT_STANDARD_LIBRARIES = YES;
				CODE_SIGN_STYLE = Automatic;
				INFOPLIST_FILE = iampoorUITests/Info.plist;
				LD_RUNPATH_SEARCH_PATHS = (
					"$(inherited)",
					"@executable_path/Frameworks",
					"@loader_path/Frameworks",
				);
				PRODUCT_BUNDLE_IDENTIFIER = com.xbadut.iampoorUITests;
				PRODUCT_NAME = "$(TARGET_NAME)";
				SWIFT_VERSION = 5.0;
				TARGETED_DEVICE_FAMILY = "1,2";
				TEST_TARGET_NAME = iampoor;
			};
			name = Debug;
		};
		BDB6D98F26E39C1700892530 /* Release */ = {
			isa = XCBuildConfiguration;
			buildSettings = {
				ALWAYS_EMBED_SWIFT_STANDARD_LIBRARIES = YES;
				CODE_SIGN_STYLE = Automatic;
				INFOPLIST_FILE = iampoorUITests/Info.plist;
				LD_RUNPATH_SEARCH_PATHS = (
					"$(inherited)",
					"@executable_path/Frameworks",
					"@loader_path/Frameworks",
				);
				PRODUCT_BUNDLE_IDENTIFIER = com.xbadut.iampoorUITests;
				PRODUCT_NAME = "$(TARGET_NAME)";
				SWIFT_VERSION = 5.0;
				TARGETED_DEVICE_FAMILY = "1,2";
				TEST_TARGET_NAME = iampoor;
			};
			name = Release;
		};
/* End XCBuildConfiguration section */

/* Begin XCConfigurationList section */
		BDB6D95826E39C1500892530 /* Build configuration list for PBXProject "iampoor" */ = {
			isa = XCConfigurationList;
			buildConfigurations = (
				BDB6D98526E39C1700892530 /* Debug */,
				BDB6D98626E39C1700892530 /* Release */,
			);
			defaultConfigurationIsVisible = 0;
			defaultConfigurationName = Release;
		};
		BDB6D98726E39C1700892530 /* Build configuration list for PBXNativeTarget "iampoor" */ = {
			isa = XCConfigurationList;
			buildConfigurations = (
				BDB6D98826E39C1700892530 /* Debug */,
				BDB6D98926E39C1700892530 /* Release */,
			);
			defaultConfigurationIsVisible = 0;
			defaultConfigurationName = Release;
		};
		BDB6D98A26E39C1700892530 /* Build configuration list for PBXNativeTarget "iampoorTests" */ = {
			isa = XCConfigurationList;
			buildConfigurations = (
				BDB6D98B26E39C1700892530 /* Debug */,
				BDB6D98C26E39C1700892530 /* Release */,
			);
			defaultConfigurationIsVisible = 0;
			defaultConfigurationName = Release;
		};
		BDB6D98D26E39C1700892530 /* Build configuration list for PBXNativeTarget "iampoorUITests" */ = {
			isa = XCConfigurationList;
			buildConfigurations = (
				BDB6D98E26E39C1700892530 /* Debug */,
				BDB6D98F26E39C1700892530 /* Release */,
			);
			defaultConfigurationIsVisible = 0;
			defaultConfigurationName = Release;
		};
/* End XCConfigurationList section */
	};
	rootObject = BDB6D95526E39C1500892530 /* Project object */;
}
